
Microsoft Visual Studio Solution File, Format Version 12.00
# Visual Studio Version 17
VisualStudioVersion = 17.2.32505.173
MinimumVisualStudioVersion = 10.0.40219.1
Project("{8BC9CEB8-8B4A-11D0-8D11-00A0C91BC942}") = "SimpleKit.WindowsRuntime.UI.Navigation", "src\SimpleKit.WindowsRuntime.UI.Navigation\SimpleKit.WindowsRuntime.UI.Navigation.vcxproj", "{E0DA2127-0BC4-4530-9EF9-D5E73F2F547A}"
EndProject
Project("{8BC9CEB8-8B4A-11D0-8D11-00A0C91BC942}") = "SimpleKit.WindowsRuntime.UI.Input", "src\SimpleKit.WindowsRuntime.UI.Input\SimpleKit.WindowsRuntime.UI.Input.vcxproj", "{789DEED8-C4B8-4A87-922D-8F8F544F1361}"
EndProject
Project("{8BC9CEB8-8B4A-11D0-8D11-00A0C91BC942}") = "SimpleKit.WindowsRuntime.Data", "src\SimpleKit.WindowsRuntime.Data\SimpleKit.WindowsRuntime.Data.vcxproj", "{2C818720-FEC1-4CFD-8DC1-800C500B0C00}"
EndProject
Project("{8BC9CEB8-8B4A-11D0-8D11-00A0C91BC942}") = "SimpleKit.WindowsRuntime.UI.Controls", "src\SimpleKit.WindowsRuntime.UI.Controls\SimpleKit.WindowsRuntime.UI.Controls.vcxproj", "{D7F8C9B0-5895-4163-9960-408EA9F3BB0A}"
EndProject
Project("{2150E333-8FDC-42A3-9474-1A3956D46DE8}") = "winrt", "winrt", "{9EEB14D8-4AF8-420C-8931-CB1A63ADA320}"
EndProject
Project("{2150E333-8FDC-42A3-9474-1A3956D46DE8}") = "ui", "ui", "{A21B4525-E916-4FFE-AAC4-730C88AE5326}"
EndProject
Project("{2150E333-8FDC-42A3-9474-1A3956D46DE8}") = "controls", "controls", "{C2AB3517-F262-4F7D-8D44-78A0200B195F}"
EndProject
Project("{2150E333-8FDC-42A3-9474-1A3956D46DE8}") = "data", "data", "{74521BBF-C249-4F31-9716-A5AAFC539A7F}"
EndProject
Project("{8BC9CEB8-8B4A-11D0-8D11-00A0C91BC942}") = "SimpleKit.WindowsRuntime.Shared", "src\SimpleKit.WindowsRuntime.Shared\SimpleKit.WindowsRuntime.Shared.vcxitems", "{E5E78E7F-65E5-4B00-9DFB-9D1F8E030C3B}"
EndProject
Global
	GlobalSection(SolutionConfigurationPlatforms) = preSolution
		Debug|ARM = Debug|ARM
		Debug|ARM64 = Debug|ARM64
		Debug|x64 = Debug|x64
		Debug|x86 = Debug|x86
		Release|ARM = Release|ARM
		Release|ARM64 = Release|ARM64
		Release|x64 = Release|x64
		Release|x86 = Release|x86
	EndGlobalSection
	GlobalSection(ProjectConfigurationPlatforms) = postSolution
		{E0DA2127-0BC4-4530-9EF9-D5E73F2F547A}.Debug|ARM.ActiveCfg = Debug|ARM
		{E0DA2127-0BC4-4530-9EF9-D5E73F2F547A}.Debug|ARM.Build.0 = Debug|ARM
		{E0DA2127-0BC4-4530-9EF9-D5E73F2F547A}.Debug|ARM64.ActiveCfg = Debug|ARM64
		{E0DA2127-0BC4-4530-9EF9-D5E73F2F547A}.Debug|ARM64.Build.0 = Debug|ARM64
		{E0DA2127-0BC4-4530-9EF9-D5E73F2F547A}.Debug|x64.ActiveCfg = Debug|x64
		{E0DA2127-0BC4-4530-9EF9-D5E73F2F547A}.Debug|x64.Build.0 = Debug|x64
		{E0DA2127-0BC4-4530-9EF9-D5E73F2F547A}.Debug|x86.ActiveCfg = Debug|Win32
		{E0DA2127-0BC4-4530-9EF9-D5E73F2F547A}.Debug|x86.Build.0 = Debug|Win32
		{E0DA2127-0BC4-4530-9EF9-D5E73F2F547A}.Release|ARM.ActiveCfg = Release|ARM
		{E0DA2127-0BC4-4530-9EF9-D5E73F2F547A}.Release|ARM.Build.0 = Release|ARM
		{E0DA2127-0BC4-4530-9EF9-D5E73F2F547A}.Release|ARM64.ActiveCfg = Release|ARM64
		{E0DA2127-0BC4-4530-9EF9-D5E73F2F547A}.Release|ARM64.Build.0 = Release|ARM64
		{E0DA2127-0BC4-4530-9EF9-D5E73F2F547A}.Release|x64.ActiveCfg = Release|x64
		{E0DA2127-0BC4-4530-9EF9-D5E73F2F547A}.Release|x64.Build.0 = Release|x64
		{E0DA2127-0BC4-4530-9EF9-D5E73F2F547A}.Release|x86.ActiveCfg = Release|Win32
		{E0DA2127-0BC4-4530-9EF9-D5E73F2F547A}.Release|x86.Build.0 = Release|Win32
		{789DEED8-C4B8-4A87-922D-8F8F544F1361}.Debug|ARM.ActiveCfg = Debug|ARM
		{789DEED8-C4B8-4A87-922D-8F8F544F1361}.Debug|ARM.Build.0 = Debug|ARM
		{789DEED8-C4B8-4A87-922D-8F8F544F1361}.Debug|ARM64.ActiveCfg = Debug|ARM64
		{789DEED8-C4B8-4A87-922D-8F8F544F1361}.Debug|ARM64.Build.0 = Debug|ARM64
		{789DEED8-C4B8-4A87-922D-8F8F544F1361}.Debug|x64.ActiveCfg = Debug|x64
		{789DEED8-C4B8-4A87-922D-8F8F544F1361}.Debug|x64.Build.0 = Debug|x64
		{789DEED8-C4B8-4A87-922D-8F8F544F1361}.Debug|x86.ActiveCfg = Debug|Win32
		{789DEED8-C4B8-4A87-922D-8F8F544F1361}.Debug|x86.Build.0 = Debug|Win32
		{789DEED8-C4B8-4A87-922D-8F8F544F1361}.Release|ARM.ActiveCfg = Release|ARM
		{789DEED8-C4B8-4A87-922D-8F8F544F1361}.Release|ARM.Build.0 = Release|ARM
		{789DEED8-C4B8-4A87-922D-8F8F544F1361}.Release|ARM64.ActiveCfg = Release|ARM64
		{789DEED8-C4B8-4A87-922D-8F8F544F1361}.Release|ARM64.Build.0 = Release|ARM64
		{789DEED8-C4B8-4A87-922D-8F8F544F1361}.Release|x64.ActiveCfg = Release|x64
		{789DEED8-C4B8-4A87-922D-8F8F544F1361}.Release|x64.Build.0 = Release|x64
		{789DEED8-C4B8-4A87-922D-8F8F544F1361}.Release|x86.ActiveCfg = Release|Win32
		{789DEED8-C4B8-4A87-922D-8F8F544F1361}.Release|x86.Build.0 = Release|Win32
		{2C818720-FEC1-4CFD-8DC1-800C500B0C00}.Debug|ARM.ActiveCfg = Debug|ARM
		{2C818720-FEC1-4CFD-8DC1-800C500B0C00}.Debug|ARM.Build.0 = Debug|ARM
		{2C818720-FEC1-4CFD-8DC1-800C500B0C00}.Debug|ARM64.ActiveCfg = Debug|ARM64
		{2C818720-FEC1-4CFD-8DC1-800C500B0C00}.Debug|ARM64.Build.0 = Debug|ARM64
		{2C818720-FEC1-4CFD-8DC1-800C500B0C00}.Debug|x64.ActiveCfg = Debug|x64
		{2C818720-FEC1-4CFD-8DC1-800C500B0C00}.Debug|x64.Build.0 = Debug|x64
		{2C818720-FEC1-4CFD-8DC1-800C500B0C00}.Debug|x86.ActiveCfg = Debug|Win32
		{2C818720-FEC1-4CFD-8DC1-800C500B0C00}.Debug|x86.Build.0 = Debug|Win32
		{2C818720-FEC1-4CFD-8DC1-800C500B0C00}.Release|ARM.ActiveCfg = Release|ARM
		{2C818720-FEC1-4CFD-8DC1-800C500B0C00}.Release|ARM.Build.0 = Release|ARM
		{2C818720-FEC1-4CFD-8DC1-800C500B0C00}.Release|ARM64.ActiveCfg = Release|ARM64
		{2C818720-FEC1-4CFD-8DC1-800C500B0C00}.Release|ARM64.Build.0 = Release|ARM64
		{2C818720-FEC1-4CFD-8DC1-800C500B0C00}.Release|x64.ActiveCfg = Release|x64
		{2C818720-FEC1-4CFD-8DC1-800C500B0C00}.Release|x64.Build.0 = Release|x64
		{2C818720-FEC1-4CFD-8DC1-800C500B0C00}.Release|x86.ActiveCfg = Release|Win32
		{2C818720-FEC1-4CFD-8DC1-800C500B0C00}.Release|x86.Build.0 = Release|Win32
		{D7F8C9B0-5895-4163-9960-408EA9F3BB0A}.Debug|ARM.ActiveCfg = Debug|ARM
		{D7F8C9B0-5895-4163-9960-408EA9F3BB0A}.Debug|ARM.Build.0 = Debug|ARM
		{D7F8C9B0-5895-4163-9960-408EA9F3BB0A}.Debug|ARM64.ActiveCfg = Debug|ARM64
		{D7F8C9B0-5895-4163-9960-408EA9F3BB0A}.Debug|ARM64.Build.0 = Debug|ARM64
		{D7F8C9B0-5895-4163-9960-408EA9F3BB0A}.Debug|x64.ActiveCfg = Debug|x64
		{D7F8C9B0-5895-4163-9960-408EA9F3BB0A}.Debug|x64.Build.0 = Debug|x64
		{D7F8C9B0-5895-4163-9960-408EA9F3BB0A}.Debug|x86.ActiveCfg = Debug|Win32
		{D7F8C9B0-5895-4163-9960-408EA9F3BB0A}.Debug|x86.Build.0 = Debug|Win32
		{D7F8C9B0-5895-4163-9960-408EA9F3BB0A}.Release|ARM.ActiveCfg = Release|ARM
		{D7F8C9B0-5895-4163-9960-408EA9F3BB0A}.Release|ARM.Build.0 = Release|ARM
		{D7F8C9B0-5895-4163-9960-408EA9F3BB0A}.Release|ARM64.ActiveCfg = Release|ARM64
		{D7F8C9B0-5895-4163-9960-408EA9F3BB0A}.Release|ARM64.Build.0 = Release|ARM64
		{D7F8C9B0-5895-4163-9960-408EA9F3BB0A}.Release|x64.ActiveCfg = Release|x64
		{D7F8C9B0-5895-4163-9960-408EA9F3BB0A}.Release|x64.Build.0 = Release|x64
		{D7F8C9B0-5895-4163-9960-408EA9F3BB0A}.Release|x86.ActiveCfg = Release|Win32
		{D7F8C9B0-5895-4163-9960-408EA9F3BB0A}.Release|x86.Build.0 = Release|Win32
	EndGlobalSection
	GlobalSection(SolutionProperties) = preSolution
		HideSolutionNode = FALSE
	EndGlobalSection
	GlobalSection(NestedProjects) = preSolution
		{E0DA2127-0BC4-4530-9EF9-D5E73F2F547A} = {A21B4525-E916-4FFE-AAC4-730C88AE5326}
		{789DEED8-C4B8-4A87-922D-8F8F544F1361} = {A21B4525-E916-4FFE-AAC4-730C88AE5326}
		{2C818720-FEC1-4CFD-8DC1-800C500B0C00} = {74521BBF-C249-4F31-9716-A5AAFC539A7F}
		{D7F8C9B0-5895-4163-9960-408EA9F3BB0A} = {C2AB3517-F262-4F7D-8D44-78A0200B195F}
		{A21B4525-E916-4FFE-AAC4-730C88AE5326} = {9EEB14D8-4AF8-420C-8931-CB1A63ADA320}
		{C2AB3517-F262-4F7D-8D44-78A0200B195F} = {A21B4525-E916-4FFE-AAC4-730C88AE5326}
		{74521BBF-C249-4F31-9716-A5AAFC539A7F} = {9EEB14D8-4AF8-420C-8931-CB1A63ADA320}
		{E5E78E7F-65E5-4B00-9DFB-9D1F8E030C3B} = {9EEB14D8-4AF8-420C-8931-CB1A63ADA320}
	EndGlobalSection
	GlobalSection(ExtensibilityGlobals) = postSolution
		SolutionGuid = {42C0D6D2-15A8-48D5-A87C-A02457381A7B}
	EndGlobalSection
	GlobalSection(SharedMSBuildProjectFiles) = preSolution
		src\SimpleKit.WindowsRuntime.Shared\SimpleKit.WindowsRuntime.Shared.vcxitems*{e5e78e7f-65e5-4b00-9dfb-9d1f8e030c3b}*SharedItemsImports = 9
	EndGlobalSection
EndGlobal
