<?xml version="1.0" encoding="utf-8"?>
<Project ToolsVersion="4.0" xmlns="http://schemas.microsoft.com/developer/msbuild/2003">
  <ItemGroup>
    <ClCompile Include="pch.cpp">
      <Filter>Project Files</Filter>
    </ClCompile>
    <ClCompile Include="$(GeneratedFilesDir)module.g.cpp">
      <Filter>Project Files</Filter>
    </ClCompile>
    <ClCompile Include="ExtendedTitleBar.cpp" />
    <ClCompile Include="TitleBar.cpp" />
  </ItemGroup>
  <ItemGroup>
    <None Include="PropertySheet.props">
      <Filter>Project Files</Filter>
    </None>
    <None Include="Exports.def">
      <Filter>Project Files</Filter>
    </None>
    <None Include="NuGetManifest.nuspec">
      <Filter>Project Files</Filter>
    </None>
    <None Include="SimpleKit.WindowsRuntime.UI.Controls.targets">
      <Filter>Project Files</Filter>
    </None>
    <None Include="Intellisense\SimpleKit.WindowsRuntime.UI.Controls.xml">
      <Filter>Project Files</Filter>
    </None>
    <None Include="packages.config">
      <Filter>Project Files</Filter>
    </None>
  </ItemGroup>
  <ItemGroup>
    <Filter Include="Project Files">
      <UniqueIdentifier>6f63fcd9-3b85-4ce8-84e2-d09b120d4b97</UniqueIdentifier>
    </Filter>
    <Filter Include="Themes">
      <UniqueIdentifier>{09b4c4c4-1c4f-45b5-af33-6d1cc0ad3596}</UniqueIdentifier>
    </Filter>
  </ItemGroup>
  <ItemGroup>
    <ClInclude Include="pch.h">
      <Filter>Project Files</Filter>
    </ClInclude>
    <ClInclude Include="ExtendedTitleBar.h" />
    <ClInclude Include="TitleBar.h" />
  </ItemGroup>
  <ItemGroup>
    <Midl Include="ExtendedTitleBar.idl" />
    <Midl Include="TitleBar.idl" />
  </ItemGroup>
  <ItemGroup>
    <Page Include="Themes\Generic.xaml">
      <Filter>Themes</Filter>
    </Page>
  </ItemGroup>
</Project>