<?xml version="1.0" encoding="utf-8"?>
<Project ToolsVersion="4.0" xmlns="http://schemas.microsoft.com/developer/msbuild/2003">
  <ItemGroup>
    <ClCompile Include="$(GeneratedFilesDir)module.g.cpp">
      <Filter>Project Files</Filter>
    </ClCompile>
    <ClCompile Include="pch.cpp">
      <Filter>Project Files</Filter>
    </ClCompile>
  </ItemGroup>
  <ItemGroup>
    <None Include="PropertySheet.props">
      <Filter>Project Files</Filter>
    </None>
    <None Include="$(ProjectName).def">
      <Filter>Project Files</Filter>
    </None>
    <None Include="SimpleKit.WindowsRuntime.UI.Input.nuspec">
      <Filter>Project Files</Filter>
    </None>
    <None Include="SimpleKit.WindowsRuntime.UI.Input.targets">
      <Filter>Project Files</Filter>
    </None>
    <None Include="packages.config">
      <Filter>Project Files</Filter>
    </None>
  </ItemGroup>
  <ItemGroup>
    <Filter Include="Project Files">
      <UniqueIdentifier>{1b6d5ed4-1bee-4fbf-a0f5-158a22e72898}</UniqueIdentifier>
    </Filter>
  </ItemGroup>
  <ItemGroup>
    <ClInclude Include="pch.h">
      <Filter>Project Files</Filter>
    </ClInclude>
  </ItemGroup>
  <ItemGroup>
    <Midl Include="RelayCommand.idl" />
  </ItemGroup>
</Project>